{
  "name": "s3-ls",
  "version": "3.0.0",
  "lockfileVersion": 1,
  "requires": true,
  "dependencies": {
    "aws-sdk": {
      "version": "2.814.0",
      "resolved": "https://registry.npmjs.org/aws-sdk/-/aws-sdk-2.814.0.tgz",
      "integrity": "sha512-empd1m/J/MAkL6d9OeRpmg9thobULu0wk4v8W3JToaxGi2TD7PIdvE6yliZKyOVAdJINhBWEBhxR4OUIHhcGbQ==",
      "requires": {
        "buffer": "4.9.2",
        "events": "1.1.1",
        "ieee754": "1.1.13",
        "jmespath": "0.15.0",
        "querystring": "0.2.0",
        "sax": "1.2.1",
        "url": "0.10.3",
        "uuid": "3.3.2",
        "xml2js": "0.4.19"
      }
    },
    "base64-js": {
      "version": "1.5.1",
      "resolved": "https://registry.npmjs.org/base64-js/-/base64-js-1.5.1.tgz",
      "integrity": "sha512-AKpaYlHn8t4SVbOHCy+b5+KKgvR4vrsD8vbvrbiQJps7fKDTkjkDry6ji0rUJjC0kzbNePLwzxq8iypo41qeWA=="
    },
    "buffer": {
      "version": "4.9.2",
      "resolved": "https://registry.npmjs.org/buffer/-/buffer-4.9.2.tgz",
      "integrity": "sha512-xq+q3SRMOxGivLhBNaUdC64hDTQwejJ+H0T/NB1XMtTVEwNTrfFF3gAxiyW0Bu/xWEGhjVKgUcMhCrUy2+uCWg==",
      "requires": {
        "base64-js": "^1.0.2",
        "ieee754": "^1.1.4",
        "isarray": "^1.0.0"
      }
    },
    "events": {
      "version": "1.1.1",
      "resolved": "https://registry.npmjs.org/events/-/events-1.1.1.tgz",
      "integrity": "sha1-nr23Y1rQmccNzEwqH1AEKI6L2SQ="
    },
    "ieee754": {
      "version": "1.1.13",
      "resolved": "https://registry.npmjs.org/ieee754/-/ieee754-1.1.13.tgz",
      "integrity": "sha512-4vf7I2LYV/HaWerSo3XmlMkp5eZ83i+/CDluXi/IGTs/O1sejBNhTtnxzmRZfvOUqj7lZjqHkeTvpgSFDlWZTg=="
    },
    "isarray": {
      "version": "1.0.0",
      "resolved": "https://registry.npmjs.org/isarray/-/isarray-1.0.0.tgz",
      "integrity": "sha1-u5NdSFgsuhaMBoNJV6VKPgcSTxE="
    },
    "jmespath": {
      "version": "0.15.0",
      "resolved": "https://registry.npmjs.org/jmespath/-/jmespath-0.15.0.tgz",
      "integrity": "sha1-o/Iiqarp+Wb10nx5ZRDigJF2Qhc="
    },
    "proxyquire": {
      "version": "1.8.0",
      "resolved": "https://registry.npmjs.org/proxyquire/-/proxyquire-1.8.0.tgz",
      "integrity": "sha1-AtUUpb7ZhvBMuyCTrxZ0FTX3ntw=",
      "dev": true,
      "requires": {
        "fill-keys": "^1.0.2",
        "module-not-found-error": "^1.0.0",
        "resolve": "~1.1.7"
      },
      "dependencies": {
        "fill-keys": {
          "version": "1.0.2",
          "resolved": "https://registry.npmjs.org/fill-keys/-/fill-keys-1.0.2.tgz",
          "integrity": "sha1-mo+jb06K1jTjv2tPPIiCVRRS6yA=",
          "dev": true,
          "requires": {
            "is-object": "~1.0.1",
            "merge-descriptors": "~1.0.0"
          },
          "dependencies": {
            "is-object": {
              "version": "1.0.1",
              "resolved": "https://registry.npmjs.org/is-object/-/is-object-1.0.1.tgz",
              "integrity": "sha1-iVJojF7C/9awPsyF52ngKQMINHA=",
              "dev": true
            },
            "merge-descriptors": {
              "version": "1.0.1",
              "resolved": "https://registry.npmjs.org/merge-descriptors/-/merge-descriptors-1.0.1.tgz",
              "integrity": "sha1-sAqqVW3YtEVoFQ7J0blT8/kMu2E=",
              "dev": true
            }
          }
        },
        "module-not-found-error": {
          "version": "1.0.1",
          "resolved": "https://registry.npmjs.org/module-not-found-error/-/module-not-found-error-1.0.1.tgz",
          "integrity": "sha1-z4tP9PKWQGdNbN0CsOO8UjwrvcA=",
          "dev": true
        },
        "resolve": {
          "version": "1.1.7",
          "resolved": "https://registry.npmjs.org/resolve/-/resolve-1.1.7.tgz",
          "integrity": "sha1-IDEU2CrSxe2ejgQRs5ModeiJ6Xs=",
          "dev": true
        }
      }
    },
    "punycode": {
      "version": "1.3.2",
      "resolved": "https://registry.npmjs.org/punycode/-/punycode-1.3.2.tgz",
      "integrity": "sha1-llOgNvt8HuQjQvIyXM7v6jkmxI0="
    },
    "querystring": {
      "version": "0.2.0",
      "resolved": "https://registry.npmjs.org/querystring/-/querystring-0.2.0.tgz",
      "integrity": "sha1-sgmEkgO7Jd+CDadW50cAWHhSFiA="
    },
    "sax": {
      "version": "1.2.1",
      "resolved": "https://registry.npmjs.org/sax/-/sax-1.2.1.tgz",
      "integrity": "sha1-e45lYZCyKOgaZq6nSEgNgozS03o="
    },
    "tape": {
      "version": "4.8.0",
      "resolved": "https://registry.npmjs.org/tape/-/tape-4.8.0.tgz",
      "integrity": "sha1-9qn+xBzFCh3lD6M2A6tYCZH2Bo4=",
      "dev": true,
      "requires": {
        "deep-equal": "~1.0.1",
        "defined": "~1.0.0",
        "for-each": "~0.3.2",
        "function-bind": "~1.1.0",
        "glob": "~7.1.2",
        "has": "~1.0.1",
        "inherits": "~2.0.3",
        "minimist": "~1.2.0",
        "object-inspect": "~1.3.0",
        "resolve": "~1.4.0",
        "resumer": "~0.0.0",
        "string.prototype.trim": "~1.1.2",
        "through": "~2.3.8"
      },
      "dependencies": {
        "deep-equal": {
          "version": "1.0.1",
          "resolved": "https://registry.npmjs.org/deep-equal/-/deep-equal-1.0.1.tgz",
          "integrity": "sha1-9dJgKStmDghO/0zbyfCK0yR0SLU=",
          "dev": true
        },
        "defined": {
          "version": "1.0.0",
          "resolved": "https://registry.npmjs.org/defined/-/defined-1.0.0.tgz",
          "integrity": "sha1-yY2bzvdWdBiOEQlpFRGZ45sfppM=",
          "dev": true
        },
        "for-each": {
          "version": "0.3.2",
          "resolved": "https://registry.npmjs.org/for-each/-/for-each-0.3.2.tgz",
          "integrity": "sha1-LEBFC5NI6X8oEyJZO6lnBLmr1NQ=",
          "dev": true,
          "requires": {
            "is-function": "~1.0.0"
          },
          "dependencies": {
            "is-function": {
              "version": "1.0.1",
              "resolved": "https://registry.npmjs.org/is-function/-/is-function-1.0.1.tgz",
              "integrity": "sha1-Es+5i2W1fdPRk6MSH19uL0N2ArU=",
              "dev": true
            }
          }
        },
        "function-bind": {
          "version": "1.1.0",
          "resolved": "https://registry.npmjs.org/function-bind/-/function-bind-1.1.0.tgz",
          "integrity": "sha1-FhdnFMgBeY5Ojyz391KUZ7tKV3E=",
          "dev": true
        },
        "glob": {
          "version": "7.1.2",
          "resolved": "https://registry.npmjs.org/glob/-/glob-7.1.2.tgz",
          "integrity": "sha1-wZyd+aAocC1nhhI4SmVSQExjbRU=",
          "dev": true,
          "requires": {
            "fs.realpath": "^1.0.0",
            "inflight": "^1.0.4",
            "inherits": "2",
            "minimatch": "^3.0.4",
            "once": "^1.3.0",
            "path-is-absolute": "^1.0.0"
          },
          "dependencies": {
            "fs.realpath": {
              "version": "1.0.0",
              "resolved": "https://registry.npmjs.org/fs.realpath/-/fs.realpath-1.0.0.tgz",
              "integrity": "sha1-FQStJSMVjKpA20onh8sBQRmU6k8=",
              "dev": true
            },
            "inflight": {
              "version": "1.0.6",
              "resolved": "https://registry.npmjs.org/inflight/-/inflight-1.0.6.tgz",
              "integrity": "sha1-Sb1jMdfQLQwJvJEKEHW6gWW1bfk=",
              "dev": true,
              "requires": {
                "once": "^1.3.0",
                "wrappy": "1"
              },
              "dependencies": {
                "wrappy": {
                  "version": "1.0.2",
                  "resolved": "https://registry.npmjs.org/wrappy/-/wrappy-1.0.2.tgz",
                  "integrity": "sha1-tSQ9jz7BqjXxNkYFvA0QNuMKtp8=",
                  "dev": true
                }
              }
            },
            "minimatch": {
              "version": "3.0.4",
              "resolved": "https://registry.npmjs.org/minimatch/-/minimatch-3.0.4.tgz",
              "integrity": "sha1-UWbihkV/AzBgZL5Ul+jbsMPTIIM=",
              "dev": true,
              "requires": {
                "brace-expansion": "^1.1.7"
              },
              "dependencies": {
                "brace-expansion": {
                  "version": "1.1.8",
                  "resolved": "https://registry.npmjs.org/brace-expansion/-/brace-expansion-1.1.8.tgz",
                  "integrity": "sha1-wHshHHyVLsH479Uad+8NHTmQopI=",
                  "dev": true,
                  "requires": {
                    "balanced-match": "^1.0.0",
                    "concat-map": "0.0.1"
                  },
                  "dependencies": {
                    "balanced-match": {
                      "version": "1.0.0",
                      "resolved": "https://registry.npmjs.org/balanced-match/-/balanced-match-1.0.0.tgz",
                      "integrity": "sha1-ibTRmasr7kneFk6gK4nORi1xt2c=",
                      "dev": true
                    },
                    "concat-map": {
                      "version": "0.0.1",
                      "resolved": "https://registry.npmjs.org/concat-map/-/concat-map-0.0.1.tgz",
                      "integrity": "sha1-2Klr13/Wjfd5OnMDajug1UBdR3s=",
                      "dev": true
                    }
                  }
                }
              }
            },
            "once": {
              "version": "1.4.0",
              "resolved": "https://registry.npmjs.org/once/-/once-1.4.0.tgz",
              "integrity": "sha1-WDsap3WWHUsROsF9nFC6753Xa9E=",
              "dev": true,
              "requires": {
                "wrappy": "1"
              },
              "dependencies": {
                "wrappy": {
                  "version": "1.0.2",
                  "resolved": "https://registry.npmjs.org/wrappy/-/wrappy-1.0.2.tgz",
                  "integrity": "sha1-tSQ9jz7BqjXxNkYFvA0QNuMKtp8=",
                  "dev": true
                }
              }
            },
            "path-is-absolute": {
              "version": "1.0.1",
              "resolved": "https://registry.npmjs.org/path-is-absolute/-/path-is-absolute-1.0.1.tgz",
              "integrity": "sha1-F0uSaHNVNP+8es5r9TpanhtcX18=",
              "dev": true
            }
          }
        },
        "has": {
          "version": "1.0.1",
          "resolved": "https://registry.npmjs.org/has/-/has-1.0.1.tgz",
          "integrity": "sha1-hGFzP1OLCDfJNh45qauelwTcLyg=",
          "dev": true,
          "requires": {
            "function-bind": "^1.0.2"
          }
        },
        "inherits": {
          "version": "2.0.3",
          "resolved": "https://registry.npmjs.org/inherits/-/inherits-2.0.3.tgz",
          "integrity": "sha1-Yzwsg+PaQqUC9SRmAiSA9CCCYd4=",
          "dev": true
        },
        "minimist": {
          "version": "1.2.0",
          "resolved": "https://registry.npmjs.org/minimist/-/minimist-1.2.0.tgz",
          "integrity": "sha1-o1AIsg9BOD7sH7kU9M1d95omQoQ=",
          "dev": true
        },
        "object-inspect": {
          "version": "1.3.0",
          "resolved": "https://registry.npmjs.org/object-inspect/-/object-inspect-1.3.0.tgz",
          "integrity": "sha1-Wx645nQuLugzQqY3A02ESSi6L20=",
          "dev": true
        },
        "resolve": {
          "version": "1.4.0",
          "resolved": "https://registry.npmjs.org/resolve/-/resolve-1.4.0.tgz",
          "integrity": "sha1-p1vgHFPaJdk0qY69DkxKcxL5KoY=",
          "dev": true,
          "requires": {
            "path-parse": "^1.0.5"
          },
          "dependencies": {
            "path-parse": {
              "version": "1.0.5",
              "resolved": "https://registry.npmjs.org/path-parse/-/path-parse-1.0.5.tgz",
              "integrity": "sha1-PBrfhx6pzWyUMbbqK9dKD/BVxME=",
              "dev": true
            }
          }
        },
        "resumer": {
          "version": "0.0.0",
          "resolved": "https://registry.npmjs.org/resumer/-/resumer-0.0.0.tgz",
          "integrity": "sha1-8ej0YeQGS6Oegq883CqMiT0HZ1k=",
          "dev": true,
          "requires": {
            "through": "~2.3.4"
          }
        },
        "string.prototype.trim": {
          "version": "1.1.2",
          "resolved": "https://registry.npmjs.org/string.prototype.trim/-/string.prototype.trim-1.1.2.tgz",
          "integrity": "sha1-0E3iyJ4Tf019IG8Ia17S+ua+jOo=",
          "dev": true,
          "requires": {
            "define-properties": "^1.1.2",
            "es-abstract": "^1.5.0",
            "function-bind": "^1.0.2"
          },
          "dependencies": {
            "define-properties": {
              "version": "1.1.2",
              "resolved": "https://registry.npmjs.org/define-properties/-/define-properties-1.1.2.tgz",
              "integrity": "sha1-g6c/L+pWmJj7c3GTyPhzyvbUXJQ=",
              "dev": true,
              "requires": {
                "foreach": "^2.0.5",
                "object-keys": "^1.0.8"
              },
              "dependencies": {
                "foreach": {
                  "version": "2.0.5",
                  "resolved": "https://registry.npmjs.org/foreach/-/foreach-2.0.5.tgz",
                  "integrity": "sha1-C+4AUBiusmDQo6865ljdATbsG5k=",
                  "dev": true
                },
                "object-keys": {
                  "version": "1.0.11",
                  "resolved": "https://registry.npmjs.org/object-keys/-/object-keys-1.0.11.tgz",
                  "integrity": "sha1-xUYBd4rVYPEULODgG8yotW0TQm0=",
                  "dev": true
                }
              }
            },
            "es-abstract": {
              "version": "1.7.0",
              "resolved": "https://registry.npmjs.org/es-abstract/-/es-abstract-1.7.0.tgz",
              "integrity": "sha1-363ndOAb/Nl/lhgCmMRJyGI/uUw=",
              "dev": true,
              "requires": {
                "es-to-primitive": "^1.1.1",
                "function-bind": "^1.1.0",
                "is-callable": "^1.1.3",
                "is-regex": "^1.0.3"
              },
              "dependencies": {
                "es-to-primitive": {
                  "version": "1.1.1",
                  "resolved": "https://registry.npmjs.org/es-to-primitive/-/es-to-primitive-1.1.1.tgz",
                  "integrity": "sha1-RTVSSKiJeQNLZ5Lhm7gfK3l13Q0=",
                  "dev": true,
                  "requires": {
                    "is-callable": "^1.1.1",
                    "is-date-object": "^1.0.1",
                    "is-symbol": "^1.0.1"
                  },
                  "dependencies": {
                    "is-date-object": {
                      "version": "1.0.1",
                      "resolved": "https://registry.npmjs.org/is-date-object/-/is-date-object-1.0.1.tgz",
                      "integrity": "sha1-mqIOtq7rv/d/vTPnTKAbM1gdOhY=",
                      "dev": true
                    },
                    "is-symbol": {
                      "version": "1.0.1",
                      "resolved": "https://registry.npmjs.org/is-symbol/-/is-symbol-1.0.1.tgz",
                      "integrity": "sha1-PMWfAAJRlLarLjjbrmaJJWtmBXI=",
                      "dev": true
                    }
                  }
                },
                "is-callable": {
                  "version": "1.1.3",
                  "resolved": "https://registry.npmjs.org/is-callable/-/is-callable-1.1.3.tgz",
                  "integrity": "sha1-hut1OSgF3cM69xySoO7fdO52BLI=",
                  "dev": true
                },
                "is-regex": {
                  "version": "1.0.4",
                  "resolved": "https://registry.npmjs.org/is-regex/-/is-regex-1.0.4.tgz",
                  "integrity": "sha1-VRdIm1RwkbCTDglWVM7SXul+lJE=",
                  "dev": true,
                  "requires": {
                    "has": "^1.0.1"
                  }
                }
              }
            }
          }
        },
        "through": {
          "version": "2.3.8",
          "resolved": "https://registry.npmjs.org/through/-/through-2.3.8.tgz",
          "integrity": "sha1-DdTJ/6q8NXlgsbckEV1+Doai4fU=",
          "dev": true
        }
      }
    },
    "url": {
      "version": "0.10.3",
      "resolved": "https://registry.npmjs.org/url/-/url-0.10.3.tgz",
      "integrity": "sha1-Ah5NnHcF8hu/N9A861h2dAJ3TGQ=",
      "requires": {
        "punycode": "1.3.2",
        "querystring": "0.2.0"
      }
    },
    "uuid": {
      "version": "3.3.2",
      "resolved": "https://registry.npmjs.org/uuid/-/uuid-3.3.2.tgz",
      "integrity": "sha512-yXJmeNaw3DnnKAOKJE51sL/ZaYfWJRl1pK9dr19YFCu0ObS231AB1/LbqTKRAQ5kw8A90rA6fr4riOUpTZvQZA=="
    },
    "xml2js": {
      "version": "0.4.19",
      "resolved": "https://registry.npmjs.org/xml2js/-/xml2js-0.4.19.tgz",
      "integrity": "sha512-esZnJZJOiJR9wWKMyuvSE1y6Dq5LCuJanqhxslH2bxM6duahNZ+HMpCLhBQGZkbX6xRf8x1Y2eJlgt2q3qo49Q==",
      "requires": {
        "sax": ">=0.6.0",
        "xmlbuilder": "~9.0.1"
      }
    },
    "xmlbuilder": {
      "version": "9.0.7",
      "resolved": "https://registry.npmjs.org/xmlbuilder/-/xmlbuilder-9.0.7.tgz",
      "integrity": "sha1-Ey7mPS7FVlxVfiD0wi35rKaGsQ0="
    }
  }
}
